// !$*UTF8*$!
{
	archiveVersion = 1;
	classes = {
	};
	objectVersion = 46;
	objects = {

/* Begin PBXBuildFile section */
		FB3B4FF41E4A4A5000224155 /* AppDelegate.swift in Sources */ = {isa = PBXBuildFile; fileRef = FB3B4FF31E4A4A5000224155 /* AppDelegate.swift */; };
		FB3B4FF61E4A4A5000224155 /* ViewController.swift in Sources */ = {isa = PBXBuildFile; fileRef = FB3B4FF51E4A4A5000224155 /* ViewController.swift */; };
		FB3B4FF91E4A4A5000224155 /* Main.storyboard in Resources */ = {isa = PBXBuildFile; fileRef = FB3B4FF71E4A4A5000224155 /* Main.storyboard */; };
		FB3B4FFB1E4A4A5000224155 /* Assets.xcassets in Resources */ = {isa = PBXBuildFile; fileRef = FB3B4FFA1E4A4A5000224155 /* Assets.xcassets */; };
		FB3B4FFE1E4A4A5000224155 /* LaunchScreen.storyboard in Resources */ = {isa = PBXBuildFile; fileRef = FB3B4FFC1E4A4A5000224155 /* LaunchScreen.storyboard */; };
		FB3B50091E4A4A5000224155 /* ContactsTests.swift in Sources */ = {isa = PBXBuildFile; fileRef = FB3B50081E4A4A5000224155 /* ContactsTests.swift */; };
		FB3B50141E4A4A5000224155 /* ContactsUITests.swift in Sources */ = {isa = PBXBuildFile; fileRef = FB3B50131E4A4A5000224155 /* ContactsUITests.swift */; };
		FB3B50221E4A4B4800224155 /* ContactsTableViewController.swift in Sources */ = {isa = PBXBuildFile; fileRef = FB3B50211E4A4B4800224155 /* ContactsTableViewController.swift */; };
		FB3B50241E4A518300224155 /* Contact.swift in Sources */ = {isa = PBXBuildFile; fileRef = FB3B50231E4A518300224155 /* Contact.swift */; };
/* End PBXBuildFile section */

/* Begin PBXContainerItemProxy section */
		FB3B50051E4A4A5000224155 /* PBXContainerItemProxy */ = {
			isa = PBXContainerItemProxy;
			containerPortal = FB3B4FE81E4A4A5000224155 /* Project object */;
			proxyType = 1;
			remoteGlobalIDString = FB3B4FEF1E4A4A5000224155;
			remoteInfo = Contacts;
		};
		FB3B50101E4A4A5000224155 /* PBXContainerItemProxy */ = {
			isa = PBXContainerItemProxy;
			containerPortal = FB3B4FE81E4A4A5000224155 /* Project object */;
			proxyType = 1;
			remoteGlobalIDString = FB3B4FEF1E4A4A5000224155;
			remoteInfo = Contacts;
		};
/* End PBXContainerItemProxy section */

/* Begin PBXFileReference section */
		FB3B4FF01E4A4A5000224155 /* Contacts.app */ = {isa = PBXFileReference; explicitFileType = wrapper.application; includeInIndex = 0; path = Contacts.app; sourceTree = BUILT_PRODUCTS_DIR; };
		FB3B4FF31E4A4A5000224155 /* AppDelegate.swift */ = {isa = PBXFileReference; lastKnownFileType = sourcecode.swift; path = AppDelegate.swift; sourceTree = "<group>"; };
		FB3B4FF51E4A4A5000224155 /* ViewController.swift */ = {isa = PBXFileReference; lastKnownFileType = sourcecode.swift; path = ViewController.swift; sourceTree = "<group>"; };
		FB3B4FF81E4A4A5000224155 /* Base */ = {isa = PBXFileReference; lastKnownFileType = file.storyboard; name = Base; path = Base.lproj/Main.storyboard; sourceTree = "<group>"; };
		FB3B4FFA1E4A4A5000224155 /* Assets.xcassets */ = {isa = PBXFileReference; lastKnownFileType = folder.assetcatalog; path = Assets.xcassets; sourceTree = "<group>"; };
		FB3B4FFD1E4A4A5000224155 /* Base */ = {isa = PBXFileReference; lastKnownFileType = file.storyboard; name = Base; path = Base.lproj/LaunchScreen.storyboard; sourceTree = "<group>"; };
		FB3B4FFF1E4A4A5000224155 /* Info.plist */ = {isa = PBXFileReference; lastKnownFileType = text.plist.xml; path = Info.plist; sourceTree = "<group>"; };
		FB3B50041E4A4A5000224155 /* ContactsTests.xctest */ = {isa = PBXFileReference; explicitFileType = wrapper.cfbundle; includeInIndex = 0; path = ContactsTests.xctest; sourceTree = BUILT_PRODUCTS_DIR; };
		FB3B50081E4A4A5000224155 /* ContactsTests.swift */ = {isa = PBXFileReference; lastKnownFileType = sourcecode.swift; path = ContactsTests.swift; sourceTree = "<group>"; };
		FB3B500A1E4A4A5000224155 /* Info.plist */ = {isa = PBXFileReference; lastKnownFileType = text.plist.xml; path = Info.plist; sourceTree = "<group>"; };
		FB3B500F1E4A4A5000224155 /* ContactsUITests.xctest */ = {isa = PBXFileReference; explicitFileType = wrapper.cfbundle; includeInIndex = 0; path = ContactsUITests.xctest; sourceTree = BUILT_PRODUCTS_DIR; };
		FB3B50131E4A4A5000224155 /* ContactsUITests.swift */ = {isa = PBXFileReference; lastKnownFileType = sourcecode.swift; path = ContactsUITests.swift; sourceTree = "<group>"; };
		FB3B50151E4A4A5000224155 /* Info.plist */ = {isa = PBXFileReference; lastKnownFileType = text.plist.xml; path = Info.plist; sourceTree = "<group>"; };
		FB3B50211E4A4B4800224155 /* ContactsTableViewController.swift */ = {isa = PBXFileReference; fileEncoding = 4; lastKnownFileType = sourcecode.swift; path = ContactsTableViewController.swift; sourceTree = "<group>"; };
		FB3B50231E4A518300224155 /* Contact.swift */ = {isa = PBXFileReference; fileEncoding = 4; lastKnownFileType = sourcecode.swift; path = Contact.swift; sourceTree = "<group>"; };
/* End PBXFileReference section */

/* Begin PBXFrameworksBuildPhase section */
		FB3B4FED1E4A4A5000224155 /* Frameworks */ = {
			isa = PBXFrameworksBuildPhase;
			buildActionMask = 2147483647;
			files = (
			);
			runOnlyForDeploymentPostprocessing = 0;
		};
		FB3B50011E4A4A5000224155 /* Frameworks */ = {
			isa = PBXFrameworksBuildPhase;
			buildActionMask = 2147483647;
			files = (
			);
			runOnlyForDeploymentPostprocessing = 0;
		};
		FB3B500C1E4A4A5000224155 /* Frameworks */ = {
			isa = PBXFrameworksBuildPhase;
			buildActionMask = 2147483647;
			files = (
			);
			runOnlyForDeploymentPostprocessing = 0;
		};
/* End PBXFrameworksBuildPhase section */

/* Begin PBXGroup section */
		FB3B4FE71E4A4A5000224155 = {
			isa = PBXGroup;
			children = (
				FB3B4FF21E4A4A5000224155 /* Contacts */,
				FB3B50071E4A4A5000224155 /* ContactsTests */,
				FB3B50121E4A4A5000224155 /* ContactsUITests */,
				FB3B4FF11E4A4A5000224155 /* Products */,
			);
			sourceTree = "<group>";
		};
		FB3B4FF11E4A4A5000224155 /* Products */ = {
			isa = PBXGroup;
			children = (
				FB3B4FF01E4A4A5000224155 /* Contacts.app */,
				FB3B50041E4A4A5000224155 /* ContactsTests.xctest */,
				FB3B500F1E4A4A5000224155 /* ContactsUITests.xctest */,
			);
			name = Products;
			sourceTree = "<group>";
		};
		FB3B4FF21E4A4A5000224155 /* Contacts */ = {
			isa = PBXGroup;
			children = (
				FB3B4FF31E4A4A5000224155 /* AppDelegate.swift */,
				FB3B4FF51E4A4A5000224155 /* ViewController.swift */,
				FB3B4FF71E4A4A5000224155 /* Main.storyboard */,
				FB3B50231E4A518300224155 /* Contact.swift */,
				FB3B50211E4A4B4800224155 /* ContactsTableViewController.swift */,
				FB3B4FFA1E4A4A5000224155 /* Assets.xcassets */,
				FB3B4FFC1E4A4A5000224155 /* LaunchScreen.storyboard */,
				FB3B4FFF1E4A4A5000224155 /* Info.plist */,
			);
			path = Contacts;
			sourceTree = "<group>";
		};
		FB3B50071E4A4A5000224155 /* ContactsTests */ = {
			isa = PBXGroup;
			children = (
				FB3B50081E4A4A5000224155 /* ContactsTests.swift */,
				FB3B500A1E4A4A5000224155 /* Info.plist */,
			);
			path = ContactsTests;
			sourceTree = "<group>";
		};
		FB3B50121E4A4A5000224155 /* ContactsUITests */ = {
			isa = PBXGroup;
			children = (
				FB3B50131E4A4A5000224155 /* ContactsUITests.swift */,
				FB3B50151E4A4A5000224155 /* Info.plist */,
			);
			path = ContactsUITests;
			sourceTree = "<group>";
		};
/* End PBXGroup section */

/* Begin PBXNativeTarget section */
		FB3B4FEF1E4A4A5000224155 /* Contacts */ = {
			isa = PBXNativeTarget;
			buildConfigurationList = FB3B50181E4A4A5000224155 /* Build configuration list for PBXNativeTarget "Contacts" */;
			buildPhases = (
				FB3B4FEC1E4A4A5000224155 /* Sources */,
				FB3B4FED1E4A4A5000224155 /* Frameworks */,
				FB3B4FEE1E4A4A5000224155 /* Resources */,
			);
			buildRules = (
			);
			dependencies = (
			);
			name = Contacts;
			productName = Contacts;
			productReference = FB3B4FF01E4A4A5000224155 /* Contacts.app */;
			productType = "com.apple.product-type.application";
		};
		FB3B50031E4A4A5000224155 /* ContactsTests */ = {
			isa = PBXNativeTarget;
			buildConfigurationList = FB3B501B1E4A4A5000224155 /* Build configuration list for PBXNativeTarget "ContactsTests" */;
			buildPhases = (
				FB3B50001E4A4A5000224155 /* Sources */,
				FB3B50011E4A4A5000224155 /* Frameworks */,
				FB3B50021E4A4A5000224155 /* Resources */,
			);
			buildRules = (
			);
			dependencies = (
				FB3B50061E4A4A5000224155 /* PBXTargetDependency */,
			);
			name = ContactsTests;
			productName = ContactsTests;
			productReference = FB3B50041E4A4A5000224155 /* ContactsTests.xctest */;
			productType = "com.apple.product-type.bundle.unit-test";
		};
		FB3B500E1E4A4A5000224155 /* ContactsUITests */ = {
			isa = PBXNativeTarget;
			buildConfigurationList = FB3B501E1E4A4A5000224155 /* Build configuration list for PBXNativeTarget "ContactsUITests" */;
			buildPhases = (
				FB3B500B1E4A4A5000224155 /* Sources */,
				FB3B500C1E4A4A5000224155 /* Frameworks */,
				FB3B500D1E4A4A5000224155 /* Resources */,
			);
			buildRules = (
			);
			dependencies = (
				FB3B50111E4A4A5000224155 /* PBXTargetDependency */,
			);
			name = ContactsUITests;
			productName = ContactsUITests;
			productReference = FB3B500F1E4A4A5000224155 /* ContactsUITests.xctest */;
			productType = "com.apple.product-type.bundle.ui-testing";
		};
/* End PBXNativeTarget section */

/* Begin PBXProject section */
		FB3B4FE81E4A4A5000224155 /* Project object */ = {
			isa = PBXProject;
			attributes = {
				LastSwiftUpdateCheck = 0820;
				LastUpgradeCheck = 0820;
				ORGANIZATIONNAME = "viktor kazinec";
				TargetAttributes = {
					FB3B4FEF1E4A4A5000224155 = {
						CreatedOnToolsVersion = 8.2.1;
						ProvisioningStyle = Automatic;
					};
					FB3B50031E4A4A5000224155 = {
						CreatedOnToolsVersion = 8.2.1;
						ProvisioningStyle = Automatic;
						TestTargetID = FB3B4FEF1E4A4A5000224155;
					};
					FB3B500E1E4A4A5000224155 = {
						CreatedOnToolsVersion = 8.2.1;
						ProvisioningStyle = Automatic;
						TestTargetID = FB3B4FEF1E4A4A5000224155;
					};
				};
			};
			buildConfigurationList = FB3B4FEB1E4A4A5000224155 /* Build configuration list for PBXProject "Contacts" */;
			compatibilityVersion = "Xcode 3.2";
			developmentRegion = English;
			hasScannedForEncodings = 0;
			knownRegions = (
				en,
				Base,
			);
			mainGroup = FB3B4FE71E4A4A5000224155;
			productRefGroup = FB3B4FF11E4A4A5000224155 /* Products */;
			projectDirPath = "";
			projectRoot = "";
			targets = (
				FB3B4FEF1E4A4A5000224155 /* Contacts */,
				FB3B50031E4A4A5000224155 /* ContactsTests */,
				FB3B500E1E4A4A5000224155 /* ContactsUITests */,
			);
		};
/* End PBXProject section */

/* Begin PBXResourcesBuildPhase section */
		FB3B4FEE1E4A4A5000224155 /* Resources */ = {
			isa = PBXResourcesBuildPhase;
			buildActionMask = 2147483647;
			files = (
				FB3B4FFE1E4A4A5000224155 /* LaunchScreen.storyboard in Resources */,
				FB3B4FFB1E4A4A5000224155 /* Assets.xcassets in Resources */,
				FB3B4FF91E4A4A5000224155 /* Main.storyboard in Resources */,
			);
			runOnlyForDeploymentPostprocessing = 0;
		};
		FB3B50021E4A4A5000224155 /* Resources */ = {
			isa = PBXResourcesBuildPhase;
			buildActionMask = 2147483647;
			files = (
			);
			runOnlyForDeploymentPostprocessing = 0;
		};
		FB3B500D1E4A4A5000224155 /* Resources */ = {
			isa = PBXResourcesBuildPhase;
			buildActionMask = 2147483647;
			files = (
			);
			runOnlyForDeploymentPostprocessing = 0;
		};
/* End PBXResourcesBuildPhase section */

/* Begin PBXSourcesBuildPhase section */
		FB3B4FEC1E4A4A5000224155 /* Sources */ = {
			isa = PBXSourcesBuildPhase;
			buildActionMask = 2147483647;
			files = (
				FB3B50241E4A518300224155 /* Contact.swift in Sources */,
				FB3B4FF61E4A4A5000224155 /* ViewController.swift in Sources */,
				FB3B4FF41E4A4A5000224155 /* AppDelegate.swift in Sources */,
				FB3B50221E4A4B4800224155 /* ContactsTableViewController.swift in Sources */,
			);
			runOnlyForDeploymentPostprocessing = 0;
		};
		FB3B50001E4A4A5000224155 /* Sources */ = {
			isa = PBXSourcesBuildPhase;
			buildActionMask = 2147483647;
			files = (
				FB3B50091E4A4A5000224155 /* ContactsTests.swift in Sources */,
			);
			runOnlyForDeploymentPostprocessing = 0;
		};
		FB3B500B1E4A4A5000224155 /* Sources */ = {
			isa = PBXSourcesBuildPhase;
			buildActionMask = 2147483647;
			files = (
				FB3B50141E4A4A5000224155 /* ContactsUITests.swift in Sources */,
			);
			runOnlyForDeploymentPostprocessing = 0;
		};
/* End PBXSourcesBuildPhase section */

/* Begin PBXTargetDependency section */
		FB3B50061E4A4A5000224155 /* PBXTargetDependency */ = {
			isa = PBXTargetDependency;
			target = FB3B4FEF1E4A4A5000224155 /* Contacts */;
			targetProxy = FB3B50051E4A4A5000224155 /* PBXContainerItemProxy */;
		};
		FB3B50111E4A4A5000224155 /* PBXTargetDependency */ = {
			isa = PBXTargetDependency;
			target = FB3B4FEF1E4A4A5000224155 /* Contacts */;
			targetProxy = FB3B50101E4A4A5000224155 /* PBXContainerItemProxy */;
		};
/* End PBXTargetDependency section */

/* Begin PBXVariantGroup section */
		FB3B4FF71E4A4A5000224155 /* Main.storyboard */ = {
			isa = PBXVariantGroup;
			children = (
				FB3B4FF81E4A4A5000224155 /* Base */,
			);
			name = Main.storyboard;
			sourceTree = "<group>";
		};
		FB3B4FFC1E4A4A5000224155 /* LaunchScreen.storyboard */ = {
			isa = PBXVariantGroup;
			children = (
				FB3B4FFD1E4A4A5000224155 /* Base */,
			);
			name = LaunchScreen.storyboard;
			sourceTree = "<group>";
		};
/* End PBXVariantGroup section */

/* Begin XCBuildConfiguration section */
		FB3B50161E4A4A5000224155 /* Debug */ = {
			isa = XCBuildConfiguration;
			buildSettings = {
				ALWAYS_SEARCH_USER_PATHS = NO;
				CLANG_ANALYZER_NONNULL = YES;
				CLANG_CXX_LANGUAGE_STANDARD = "gnu++0x";
				CLANG_CXX_LIBRARY = "libc++";
				CLANG_ENABLE_MODULES = YES;
				CLANG_ENABLE_OBJC_ARC = YES;
				CLANG_WARN_BOOL_CONVERSION = YES;
				CLANG_WARN_CONSTANT_CONVERSION = YES;
				CLANG_WARN_DIRECT_OBJC_ISA_USAGE = YES_ERROR;
				CLANG_WARN_DOCUMENTATION_COMMENTS = YES;
				CLANG_WARN_EMPTY_BODY = YES;
				CLANG_WARN_ENUM_CONVERSION = YES;
				CLANG_WARN_INFINITE_RECURSION = YES;
				CLANG_WARN_INT_CONVERSION = YES;
				CLANG_WARN_OBJC_ROOT_CLASS = YES_ERROR;
				CLANG_WARN_SUSPICIOUS_MOVE = YES;
				CLANG_WARN_UNREACHABLE_CODE = YES;
				CLANG_WARN__DUPLICATE_METHOD_MATCH = YES;
				"CODE_SIGN_IDENTITY[sdk=iphoneos*]" = "iPhone Developer";
				COPY_PHASE_STRIP = NO;
				DEBUG_INFORMATION_FORMAT = dwarf;
				ENABLE_STRICT_OBJC_MSGSEND = YES;
				ENABLE_TESTABILITY = YES;
				GCC_C_LANGUAGE_STANDARD = gnu99;
				GCC_DYNAMIC_NO_PIC = NO;
				GCC_NO_COMMON_BLOCKS = YES;
				GCC_OPTIMIZATION_LEVEL = 0;
				GCC_PREPROCESSOR_DEFINITIONS = (
					"DEBUG=1",
					"$(inherited)",
				);
				GCC_WARN_64_TO_32_BIT_CONVERSION = YES;
				GCC_WARN_ABOUT_RETURN_TYPE = YES_ERROR;
				GCC_WARN_UNDECLARED_SELECTOR = YES;
				GCC_WARN_UNINITIALIZED_AUTOS = YES_AGGRESSIVE;
				GCC_WARN_UNUSED_FUNCTION = YES;
				GCC_WARN_UNUSED_VARIABLE = YES;
				IPHONEOS_DEPLOYMENT_TARGET = 10.2;
				MTL_ENABLE_DEBUG_INFO = YES;
				ONLY_ACTIVE_ARCH = YES;
				SDKROOT = iphoneos;
				SWIFT_ACTIVE_COMPILATION_CONDITIONS = DEBUG;
				SWIFT_OPTIMIZATION_LEVEL = "-Onone";
			};
			name = Debug;
		};
		FB3B50171E4A4A5000224155 /* Release */ = {
			isa = XCBuildConfiguration;
			buildSettings = {
				ALWAYS_SEARCH_USER_PATHS = NO;
				CLANG_ANALYZER_NONNULL = YES;
				CLANG_CXX_LANGUAGE_STANDARD = "gnu++0x";
				CLANG_CXX_LIBRARY = "libc++";
				CLANG_ENABLE_MODULES = YES;
				CLANG_ENABLE_OBJC_ARC = YES;
				CLANG_WARN_BOOL_CONVERSION = YES;
				CLANG_WARN_CONSTANT_CONVERSION = YES;
				CLANG_WARN_DIRECT_OBJC_ISA_USAGE = YES_ERROR;
				CLANG_WARN_DOCUMENTATION_COMMENTS = YES;
				CLANG_WARN_EMPTY_BODY = YES;
				CLANG_WARN_ENUM_CONVERSION = YES;
				CLANG_WARN_INFINITE_RECURSION = YES;
				CLANG_WARN_INT_CONVERSION = YES;
				CLANG_WARN_OBJC_ROOT_CLASS = YES_ERROR;
				CLANG_WARN_SUSPICIOUS_MOVE = YES;
				CLANG_WARN_UNREACHABLE_CODE = YES;
				CLANG_WARN__DUPLICATE_METHOD_MATCH = YES;
				"CODE_SIGN_IDENTITY[sdk=iphoneos*]" = "iPhone Developer";
				COPY_PHASE_STRIP = NO;
				DEBUG_INFORMATION_FORMAT = "dwarf-with-dsym";
				ENABLE_NS_ASSERTIONS = NO;
				ENABLE_STRICT_OBJC_MSGSEND = YES;
				GCC_C_LANGUAGE_STANDARD = gnu99;
				GCC_NO_COMMON_BLOCKS = YES;
				GCC_WARN_64_TO_32_BIT_CONVERSION = YES;
				GCC_WARN_ABOUT_RETURN_TYPE = YES_ERROR;
				GCC_WARN_UNDECLARED_SELECTOR = YES;
				GCC_WARN_UNINITIALIZED_AUTOS = YES_AGGRESSIVE;
				GCC_WARN_UNUSED_FUNCTION = YES;
				GCC_WARN_UNUSED_VARIABLE = YES;
				IPHONEOS_DEPLOYMENT_TARGET = 10.2;
				MTL_ENABLE_DEBUG_INFO = NO;
				SDKROOT = iphoneos;
				SWIFT_OPTIMIZATION_LEVEL = "-Owholemodule";
				VALIDATE_PRODUCT = YES;
			};
			name = Release;
		};
		FB3B50191E4A4A5000224155 /* Debug */ = {
			isa = XCBuildConfiguration;
			buildSettings = {
				ASSETCATALOG_COMPILER_APPICON_NAME = AppIcon;
				INFOPLIST_FILE = Contacts/Info.plist;
				LD_RUNPATH_SEARCH_PATHS = "$(inherited) @executable_path/Frameworks";
				PRODUCT_BUNDLE_IDENTIFIER = com.viktorkazinec.Contacts;
				PRODUCT_NAME = "$(TARGET_NAME)";
				SWIFT_VERSION = 3.0;
			};
			name = Debug;
		};
		FB3B501A1E4A4A5000224155 /* Release */ = {
			isa = XCBuildConfiguration;
			buildSettings = {
				ASSETCATALOG_COMPILER_APPICON_NAME = AppIcon;
				INFOPLIST_FILE = Contacts/Info.plist;
				LD_RUNPATH_SEARCH_PATHS = "$(inherited) @executable_path/Frameworks";
				PRODUCT_BUNDLE_IDENTIFIER = com.viktorkazinec.Contacts;
				PRODUCT_NAME = "$(TARGET_NAME)";
				SWIFT_VERSION = 3.0;
			};
			name = Release;
		};
		FB3B501C1E4A4A5000224155 /* Debug */ = {
			isa = XCBuildConfiguration;
			buildSettings = {
				ALWAYS_EMBED_SWIFT_STANDARD_LIBRARIES = YES;
				BUNDLE_LOADER = "$(TEST_HOST)";
				INFOPLIST_FILE = ContactsTests/Info.plist;
				LD_RUNPATH_SEARCH_PATHS = "$(inherited) @executable_path/Frameworks @loader_path/Frameworks";
				PRODUCT_BUNDLE_IDENTIFIER = com.viktorkazinec.ContactsTests;
				PRODUCT_NAME = "$(TARGET_NAME)";
				SWIFT_VERSION = 3.0;
				TEST_HOST = "$(BUILT_PRODUCTS_DIR)/Contacts.app/Contacts";
			};
			name = Debug;
		};
		FB3B501D1E4A4A5000224155 /* Release */ = {
			isa = XCBuildConfiguration;
			buildSettings = {
				ALWAYS_EMBED_SWIFT_STANDARD_LIBRARIES = YES;
				BUNDLE_LOADER = "$(TEST_HOST)";
				INFOPLIST_FILE = ContactsTests/Info.plist;
				LD_RUNPATH_SEARCH_PATHS = "$(inherited) @executable_path/Frameworks @loader_path/Frameworks";
				PRODUCT_BUNDLE_IDENTIFIER = com.viktorkazinec.ContactsTests;
				PRODUCT_NAME = "$(TARGET_NAME)";
				SWIFT_VERSION = 3.0;
				TEST_HOST = "$(BUILT_PRODUCTS_DIR)/Contacts.app/Contacts";
			};
			name = Release;
		};
		FB3B501F1E4A4A5000224155 /* Debug */ = {
			isa = XCBuildConfiguration;
			buildSettings = {
				ALWAYS_EMBED_SWIFT_STANDARD_LIBRARIES = YES;
				INFOPLIST_FILE = ContactsUITests/Info.plist;
				LD_RUNPATH_SEARCH_PATHS = "$(inherited) @executable_path/Frameworks @loader_path/Frameworks";
				PRODUCT_BUNDLE_IDENTIFIER = com.viktorkazinec.ContactsUITests;
				PRODUCT_NAME = "$(TARGET_NAME)";
				SWIFT_VERSION = 3.0;
				TEST_TARGET_NAME = Contacts;
			};
			name = Debug;
		};
		FB3B50201E4A4A5000224155 /* Release */ = {
			isa = XCBuildConfiguration;
			buildSettings = {
				ALWAYS_EMBED_SWIFT_STANDARD_LIBRARIES = YES;
				INFOPLIST_FILE = ContactsUITests/Info.plist;
				LD_RUNPATH_SEARCH_PATHS = "$(inherited) @executable_path/Frameworks @loader_path/Frameworks";
				PRODUCT_BUNDLE_IDENTIFIER = com.viktorkazinec.ContactsUITests;
				PRODUCT_NAME = "$(TARGET_NAME)";
				SWIFT_VERSION = 3.0;
				TEST_TARGET_NAME = Contacts;
			};
			name = Release;
		};
/* End XCBuildConfiguration section */

/* Begin XCConfigurationList section */
		FB3B4FEB1E4A4A5000224155 /* Build configuration list for PBXProject "Contacts" */ = {
			isa = XCConfigurationList;
			buildConfigurations = (
				FB3B50161E4A4A5000224155 /* Debug */,
				FB3B50171E4A4A5000224155 /* Release */,
			);
			defaultConfigurationIsVisible = 0;
			defaultConfigurationName = Release;
		};
		FB3B50181E4A4A5000224155 /* Build configuration list for PBXNativeTarget "Contacts" */ = {
			isa = XCConfigurationList;
			buildConfigurations = (
				FB3B50191E4A4A5000224155 /* Debug */,
				FB3B501A1E4A4A5000224155 /* Release */,
			);
			defaultConfigurationIsVisible = 0;
		};
		FB3B501B1E4A4A5000224155 /* Build configuration list for PBXNativeTarget "ContactsTests" */ = {
			isa = XCConfigurationList;
			buildConfigurations = (
				FB3B501C1E4A4A5000224155 /* Debug */,
				FB3B501D1E4A4A5000224155 /* Release */,
			);
			defaultConfigurationIsVisible = 0;
		};
		FB3B501E1E4A4A5000224155 /* Build configuration list for PBXNativeTarget "ContactsUITests" */ = {
			isa = XCConfigurationList;
			buildConfigurations = (
				FB3B501F1E4A4A5000224155 /* Debug */,
				FB3B50201E4A4A5000224155 /* Release */,
			);
			defaultConfigurationIsVisible = 0;
		};
/* End XCConfigurationList section */
	};
	rootObject = FB3B4FE81E4A4A5000224155 /* Project object */;
}
